{
  "name": "auth-bff",
  "version": "0.0.1",
  "lockfileVersion": 1,
  "requires": true,
  "dependencies": {
    "@nestjs/microservices": {
      "version": "10.3.8",
      "resolved": "https://registry.npmjs.org/@nestjs/microservices/-/microservices-10.3.8.tgz",
      "integrity": "sha512-cLe+4Nfj2ZTSHg+DFauqMswGvjn3UO4cI15haohIlLRAD2nw74vqRA38RORj5urWjxK+osfgA5GUYWRjFlXpsQ==",
      "requires": {
        "iterare": "1.2.1",
        "tslib": "2.6.2"
      }
    },
    "iterare": {
      "version": "1.2.1",
      "resolved": "https://registry.npmjs.org/iterare/-/iterare-1.2.1.tgz",
      "integrity": "sha512-RKYVTCjAnRthyJes037NX/IiqeidgN1xc3j1RjFfECFp28A1GVwK9nA+i0rJPaHqSZwygLzRnFlzUuHFoWWy+Q=="
    },
    "tslib": {
      "version": "2.6.2",
      "resolved": "https://registry.npmjs.org/tslib/-/tslib-2.6.2.tgz",
      "integrity": "sha512-AEYxH93jGFPn/a2iVAwW87VuUIkR1FVUKB77NwMF7nBTDkDrrT/Hpt/IrCJ0QXhW27jTBDcf5ZY7w6RiqTMw2Q=="
    }
  }
}
